github.com/google/go-cmp v0.5.9 h1:O2Tfq5qg4qc4AmwVlvv0oLiVAGB7enBSJ2x2DqQFi38=
github.com/google/uuid v1.3.0 h1:t6JiXgmwXMjEs8VusXIJk2BXHsn+wx8BZdTaoZ5fu7I=
github.com/google/uuid v1.3.0/go.mod h1:TIyPZe4MgqvfeYDBFedMoGGpEw/LqOeaOT+nhxU+yHo=
github.com/nasa9084/go-switchbot/v3 v3.2.0 h1:vMkXEFkpIPRb0EfIULrzQpZjlkekKySK6Fc1jYRcVfw=
github.com/nasa9084/go-switchbot/v3 v3.2.0/go.mod h1:hrZUTHehZjib+vOCk9Rik5xvKQJ0KZKDOmyiIzonlI4=
github.com/nasa9084/go-switchbot/v4 v4.0.1/go.mod h1:O48mo/L+Bjk0DI9eJ1hx5+W6DP2kFPsvYCgumfvHKbg=
