github.com/google/go-cmp v0.5.9 h1:O2Tfq5qg4qc4AmwVlvv0oLiVAGB7enBSJ2x2DqQFi38=
github.com/google/uuid v1.3.0 h1:t6JiXgmwXMjEs8VusXIJk2BXHsn+wx8BZdTaoZ5fu7I=
github.com/google/uuid v1.3.0/go.mod h1:TIyPZe4MgqvfeYDBFedMoGGpEw/LqOeaOT+nhxU+yHo=
github.com/nasa9084/go-switchbot/v5 v5.2.1 h1:AgmUMKq5UiemBwcfKo0W91DZhDz9iPGvQqMyDBWXF6E=
github.com/nasa9084/go-switchbot/v5 v5.2.1/go.mod h1:o2hvx2sq92j8oaHrl5JYrWkxSAiXVCCEEIqmvqxqZus=
